// !$*UTF8*$!
{
	archiveVersion = 1;
	classes = {
	};
	objectVersion = 50;
	objects = {

/* Begin PBXBuildFile section */
		F5149D3B23EB41E600AC8F2E /* Weather.swift in Sources */ = {isa = PBXBuildFile; fileRef = F5149D3A23EB41E600AC8F2E /* Weather.swift */; };
		F5149D3E23EB44C500AC8F2E /* WeatherViewModel.swift in Sources */ = {isa = PBXBuildFile; fileRef = F5149D3D23EB44C500AC8F2E /* WeatherViewModel.swift */; };
		F5149D4123EB45DA00AC8F2E /* DarkSkyController.swift in Sources */ = {isa = PBXBuildFile; fileRef = F5149D4023EB45DA00AC8F2E /* DarkSkyController.swift */; };
		F5D8E12A23EB415700EEF942 /* AppDelegate.swift in Sources */ = {isa = PBXBuildFile; fileRef = F5D8E12923EB415700EEF942 /* AppDelegate.swift */; };
		F5D8E12C23EB415700EEF942 /* SceneDelegate.swift in Sources */ = {isa = PBXBuildFile; fileRef = F5D8E12B23EB415700EEF942 /* SceneDelegate.swift */; };
		F5D8E12E23EB415700EEF942 /* ContentView.swift in Sources */ = {isa = PBXBuildFile; fileRef = F5D8E12D23EB415700EEF942 /* ContentView.swift */; };
		F5D8E13023EB415900EEF942 /* Assets.xcassets in Resources */ = {isa = PBXBuildFile; fileRef = F5D8E12F23EB415900EEF942 /* Assets.xcassets */; };
		F5D8E13323EB415900EEF942 /* Preview Assets.xcassets in Resources */ = {isa = PBXBuildFile; fileRef = F5D8E13223EB415900EEF942 /* Preview Assets.xcassets */; };
		F5D8E13623EB415900EEF942 /* LaunchScreen.storyboard in Resources */ = {isa = PBXBuildFile; fileRef = F5D8E13423EB415900EEF942 /* LaunchScreen.storyboard */; };
/* End PBXBuildFile section */

/* Begin PBXFileReference section */
		F5149D3A23EB41E600AC8F2E /* Weather.swift */ = {isa = PBXFileReference; lastKnownFileType = sourcecode.swift; path = Weather.swift; sourceTree = "<group>"; };
		F5149D3D23EB44C500AC8F2E /* WeatherViewModel.swift */ = {isa = PBXFileReference; lastKnownFileType = sourcecode.swift; path = WeatherViewModel.swift; sourceTree = "<group>"; };
		F5149D4023EB45DA00AC8F2E /* DarkSkyController.swift */ = {isa = PBXFileReference; lastKnownFileType = sourcecode.swift; path = DarkSkyController.swift; sourceTree = "<group>"; };
		F5D8E12623EB415700EEF942 /* Simple Weather.app */ = {isa = PBXFileReference; explicitFileType = wrapper.application; includeInIndex = 0; path = "Simple Weather.app"; sourceTree = BUILT_PRODUCTS_DIR; };
		F5D8E12923EB415700EEF942 /* AppDelegate.swift */ = {isa = PBXFileReference; lastKnownFileType = sourcecode.swift; path = AppDelegate.swift; sourceTree = "<group>"; };
		F5D8E12B23EB415700EEF942 /* SceneDelegate.swift */ = {isa = PBXFileReference; lastKnownFileType = sourcecode.swift; path = SceneDelegate.swift; sourceTree = "<group>"; };
		F5D8E12D23EB415700EEF942 /* ContentView.swift */ = {isa = PBXFileReference; lastKnownFileType = sourcecode.swift; path = ContentView.swift; sourceTree = "<group>"; };
		F5D8E12F23EB415900EEF942 /* Assets.xcassets */ = {isa = PBXFileReference; lastKnownFileType = folder.assetcatalog; path = Assets.xcassets; sourceTree = "<group>"; };
		F5D8E13223EB415900EEF942 /* Preview Assets.xcassets */ = {isa = PBXFileReference; lastKnownFileType = folder.assetcatalog; path = "Preview Assets.xcassets"; sourceTree = "<group>"; };
		F5D8E13523EB415900EEF942 /* Base */ = {isa = PBXFileReference; lastKnownFileType = file.storyboard; name = Base; path = Base.lproj/LaunchScreen.storyboard; sourceTree = "<group>"; };
		F5D8E13723EB415900EEF942 /* Info.plist */ = {isa = PBXFileReference; lastKnownFileType = text.plist.xml; path = Info.plist; sourceTree = "<group>"; };
/* End PBXFileReference section */

/* Begin PBXFrameworksBuildPhase section */
		F5D8E12323EB415700EEF942 /* Frameworks */ = {
			isa = PBXFrameworksBuildPhase;
			buildActionMask = 2147483647;
			files = (
			);
			runOnlyForDeploymentPostprocessing = 0;
		};
/* End PBXFrameworksBuildPhase section */

/* Begin PBXGroup section */
		F5149D3723EB41AA00AC8F2E /* Support */ = {
			isa = PBXGroup;
			children = (
				F5D8E12923EB415700EEF942 /* AppDelegate.swift */,
				F5D8E12B23EB415700EEF942 /* SceneDelegate.swift */,
				F5D8E12F23EB415900EEF942 /* Assets.xcassets */,
				F5D8E13423EB415900EEF942 /* LaunchScreen.storyboard */,
				F5D8E13723EB415900EEF942 /* Info.plist */,
			);
			name = Support;
			sourceTree = "<group>";
		};
		F5149D3823EB41C000AC8F2E /* Views */ = {
			isa = PBXGroup;
			children = (
				F5D8E12D23EB415700EEF942 /* ContentView.swift */,
			);
			path = Views;
			sourceTree = "<group>";
		};
		F5149D3923EB41CE00AC8F2E /* Models */ = {
			isa = PBXGroup;
			children = (
				F5149D3A23EB41E600AC8F2E /* Weather.swift */,
			);
			path = Models;
			sourceTree = "<group>";
		};
		F5149D3C23EB44A300AC8F2E /* ViewModels */ = {
			isa = PBXGroup;
			children = (
				F5149D3D23EB44C500AC8F2E /* WeatherViewModel.swift */,
			);
			path = ViewModels;
			sourceTree = "<group>";
		};
		F5149D3F23EB45A100AC8F2E /* Controllers */ = {
			isa = PBXGroup;
			children = (
				F5149D4023EB45DA00AC8F2E /* DarkSkyController.swift */,
			);
			path = Controllers;
			sourceTree = "<group>";
		};
		F5D8E11D23EB415700EEF942 = {
			isa = PBXGroup;
			children = (
				F5D8E12823EB415700EEF942 /* Simple Weather */,
				F5D8E12723EB415700EEF942 /* Products */,
			);
			sourceTree = "<group>";
		};
		F5D8E12723EB415700EEF942 /* Products */ = {
			isa = PBXGroup;
			children = (
				F5D8E12623EB415700EEF942 /* Simple Weather.app */,
			);
			name = Products;
			sourceTree = "<group>";
		};
		F5D8E12823EB415700EEF942 /* Simple Weather */ = {
			isa = PBXGroup;
			children = (
				F5149D3F23EB45A100AC8F2E /* Controllers */,
				F5149D3C23EB44A300AC8F2E /* ViewModels */,
				F5149D3923EB41CE00AC8F2E /* Models */,
				F5149D3823EB41C000AC8F2E /* Views */,
				F5149D3723EB41AA00AC8F2E /* Support */,
				F5D8E13123EB415900EEF942 /* Preview Content */,
			);
			path = "Simple Weather";
			sourceTree = "<group>";
		};
		F5D8E13123EB415900EEF942 /* Preview Content */ = {
			isa = PBXGroup;
			children = (
				F5D8E13223EB415900EEF942 /* Preview Assets.xcassets */,
			);
			path = "Preview Content";
			sourceTree = "<group>";
		};
/* End PBXGroup section */

/* Begin PBXNativeTarget section */
		F5D8E12523EB415700EEF942 /* Simple Weather */ = {
			isa = PBXNativeTarget;
			buildConfigurationList = F5D8E13A23EB415900EEF942 /* Build configuration list for PBXNativeTarget "Simple Weather" */;
			buildPhases = (
				F5D8E12223EB415700EEF942 /* Sources */,
				F5D8E12323EB415700EEF942 /* Frameworks */,
				F5D8E12423EB415700EEF942 /* Resources */,
			);
			buildRules = (
			);
			dependencies = (
			);
			name = "Simple Weather";
			productName = "Simple Weather";
			productReference = F5D8E12623EB415700EEF942 /* Simple Weather.app */;
			productType = "com.apple.product-type.application";
		};
/* End PBXNativeTarget section */

/* Begin PBXProject section */
		F5D8E11E23EB415700EEF942 /* Project object */ = {
			isa = PBXProject;
			attributes = {
				LastSwiftUpdateCheck = 1130;
				LastUpgradeCheck = 1130;
				ORGANIZATIONNAME = "Robin Douglas";
				TargetAttributes = {
					F5D8E12523EB415700EEF942 = {
						CreatedOnToolsVersion = 11.3.1;
					};
				};
			};
			buildConfigurationList = F5D8E12123EB415700EEF942 /* Build configuration list for PBXProject "Simple Weather" */;
			compatibilityVersion = "Xcode 9.3";
			developmentRegion = en;
			hasScannedForEncodings = 0;
			knownRegions = (
				en,
				Base,
			);
			mainGroup = F5D8E11D23EB415700EEF942;
			productRefGroup = F5D8E12723EB415700EEF942 /* Products */;
			projectDirPath = "";
			projectRoot = "";
			targets = (
				F5D8E12523EB415700EEF942 /* Simple Weather */,
			);
		};
/* End PBXProject section */

/* Begin PBXResourcesBuildPhase section */
		F5D8E12423EB415700EEF942 /* Resources */ = {
			isa = PBXResourcesBuildPhase;
			buildActionMask = 2147483647;
			files = (
				F5D8E13623EB415900EEF942 /* LaunchScreen.storyboard in Resources */,
				F5D8E13323EB415900EEF942 /* Preview Assets.xcassets in Resources */,
				F5D8E13023EB415900EEF942 /* Assets.xcassets in Resources */,
			);
			runOnlyForDeploymentPostprocessing = 0;
		};
/* End PBXResourcesBuildPhase section */

/* Begin PBXSourcesBuildPhase section */
		F5D8E12223EB415700EEF942 /* Sources */ = {
			isa = PBXSourcesBuildPhase;
			buildActionMask = 2147483647;
			files = (
				F5149D3E23EB44C500AC8F2E /* WeatherViewModel.swift in Sources */,
				F5149D3B23EB41E600AC8F2E /* Weather.swift in Sources */,
				F5D8E12A23EB415700EEF942 /* AppDelegate.swift in Sources */,
				F5D8E12C23EB415700EEF942 /* SceneDelegate.swift in Sources */,
				F5D8E12E23EB415700EEF942 /* ContentView.swift in Sources */,
				F5149D4123EB45DA00AC8F2E /* DarkSkyController.swift in Sources */,
			);
			runOnlyForDeploymentPostprocessing = 0;
		};
/* End PBXSourcesBuildPhase section */

/* Begin PBXVariantGroup section */
		F5D8E13423EB415900EEF942 /* LaunchScreen.storyboard */ = {
			isa = PBXVariantGroup;
			children = (
				F5D8E13523EB415900EEF942 /* Base */,
			);
			name = LaunchScreen.storyboard;
			sourceTree = "<group>";
		};
/* End PBXVariantGroup section */

/* Begin XCBuildConfiguration section */
		F5D8E13823EB415900EEF942 /* Debug */ = {
			isa = XCBuildConfiguration;
			buildSettings = {
				ALWAYS_SEARCH_USER_PATHS = NO;
				CLANG_ANALYZER_NONNULL = YES;
				CLANG_ANALYZER_NUMBER_OBJECT_CONVERSION = YES_AGGRESSIVE;
				CLANG_CXX_LANGUAGE_STANDARD = "gnu++14";
				CLANG_CXX_LIBRARY = "libc++";
				CLANG_ENABLE_MODULES = YES;
				CLANG_ENABLE_OBJC_ARC = YES;
				CLANG_ENABLE_OBJC_WEAK = YES;
				CLANG_WARN_BLOCK_CAPTURE_AUTORELEASING = YES;
				CLANG_WARN_BOOL_CONVERSION = YES;
				CLANG_WARN_COMMA = YES;
				CLANG_WARN_CONSTANT_CONVERSION = YES;
				CLANG_WARN_DEPRECATED_OBJC_IMPLEMENTATIONS = YES;
				CLANG_WARN_DIRECT_OBJC_ISA_USAGE = YES_ERROR;
				CLANG_WARN_DOCUMENTATION_COMMENTS = YES;
				CLANG_WARN_EMPTY_BODY = YES;
				CLANG_WARN_ENUM_CONVERSION = YES;
				CLANG_WARN_INFINITE_RECURSION = YES;
				CLANG_WARN_INT_CONVERSION = YES;
				CLANG_WARN_NON_LITERAL_NULL_CONVERSION = YES;
				CLANG_WARN_OBJC_IMPLICIT_RETAIN_SELF = YES;
				CLANG_WARN_OBJC_LITERAL_CONVERSION = YES;
				CLANG_WARN_OBJC_ROOT_CLASS = YES_ERROR;
				CLANG_WARN_RANGE_LOOP_ANALYSIS = YES;
				CLANG_WARN_STRICT_PROTOTYPES = YES;
				CLANG_WARN_SUSPICIOUS_MOVE = YES;
				CLANG_WARN_UNGUARDED_AVAILABILITY = YES_AGGRESSIVE;
				CLANG_WARN_UNREACHABLE_CODE = YES;
				CLANG_WARN__DUPLICATE_METHOD_MATCH = YES;
				COPY_PHASE_STRIP = NO;
				DEBUG_INFORMATION_FORMAT = dwarf;
				ENABLE_STRICT_OBJC_MSGSEND = YES;
				ENABLE_TESTABILITY = YES;
				GCC_C_LANGUAGE_STANDARD = gnu11;
				GCC_DYNAMIC_NO_PIC = NO;
				GCC_NO_COMMON_BLOCKS = YES;
				GCC_OPTIMIZATION_LEVEL = 0;
				GCC_PREPROCESSOR_DEFINITIONS = (
					"DEBUG=1",
					"$(inherited)",
				);
				GCC_WARN_64_TO_32_BIT_CONVERSION = YES;
				GCC_WARN_ABOUT_RETURN_TYPE = YES_ERROR;
				GCC_WARN_UNDECLARED_SELECTOR = YES;
				GCC_WARN_UNINITIALIZED_AUTOS = YES_AGGRESSIVE;
				GCC_WARN_UNUSED_FUNCTION = YES;
				GCC_WARN_UNUSED_VARIABLE = YES;
				IPHONEOS_DEPLOYMENT_TARGET = 13.2;
				MTL_ENABLE_DEBUG_INFO = INCLUDE_SOURCE;
				MTL_FAST_MATH = YES;
				ONLY_ACTIVE_ARCH = YES;
				SDKROOT = iphoneos;
				SWIFT_ACTIVE_COMPILATION_CONDITIONS = DEBUG;
				SWIFT_OPTIMIZATION_LEVEL = "-Onone";
			};
			name = Debug;
		};
		F5D8E13923EB415900EEF942 /* Release */ = {
			isa = XCBuildConfiguration;
			buildSettings = {
				ALWAYS_SEARCH_USER_PATHS = NO;
				CLANG_ANALYZER_NONNULL = YES;
				CLANG_ANALYZER_NUMBER_OBJECT_CONVERSION = YES_AGGRESSIVE;
				CLANG_CXX_LANGUAGE_STANDARD = "gnu++14";
				CLANG_CXX_LIBRARY = "libc++";
				CLANG_ENABLE_MODULES = YES;
				CLANG_ENABLE_OBJC_ARC = YES;
				CLANG_ENABLE_OBJC_WEAK = YES;
				CLANG_WARN_BLOCK_CAPTURE_AUTORELEASING = YES;
				CLANG_WARN_BOOL_CONVERSION = YES;
				CLANG_WARN_COMMA = YES;
				CLANG_WARN_CONSTANT_CONVERSION = YES;
				CLANG_WARN_DEPRECATED_OBJC_IMPLEMENTATIONS = YES;
				CLANG_WARN_DIRECT_OBJC_ISA_USAGE = YES_ERROR;
				CLANG_WARN_DOCUMENTATION_COMMENTS = YES;
				CLANG_WARN_EMPTY_BODY = YES;
				CLANG_WARN_ENUM_CONVERSION = YES;
				CLANG_WARN_INFINITE_RECURSION = YES;
				CLANG_WARN_INT_CONVERSION = YES;
				CLANG_WARN_NON_LITERAL_NULL_CONVERSION = YES;
				CLANG_WARN_OBJC_IMPLICIT_RETAIN_SELF = YES;
				CLANG_WARN_OBJC_LITERAL_CONVERSION = YES;
				CLANG_WARN_OBJC_ROOT_CLASS = YES_ERROR;
				CLANG_WARN_RANGE_LOOP_ANALYSIS = YES;
				CLANG_WARN_STRICT_PROTOTYPES = YES;
				CLANG_WARN_SUSPICIOUS_MOVE = YES;
				CLANG_WARN_UNGUARDED_AVAILABILITY = YES_AGGRESSIVE;
				CLANG_WARN_UNREACHABLE_CODE = YES;
				CLANG_WARN__DUPLICATE_METHOD_MATCH = YES;
				COPY_PHASE_STRIP = NO;
				DEBUG_INFORMATION_FORMAT = "dwarf-with-dsym";
				ENABLE_NS_ASSERTIONS = NO;
				ENABLE_STRICT_OBJC_MSGSEND = YES;
				GCC_C_LANGUAGE_STANDARD = gnu11;
				GCC_NO_COMMON_BLOCKS = YES;
				GCC_WARN_64_TO_32_BIT_CONVERSION = YES;
				GCC_WARN_ABOUT_RETURN_TYPE = YES_ERROR;
				GCC_WARN_UNDECLARED_SELECTOR = YES;
				GCC_WARN_UNINITIALIZED_AUTOS = YES_AGGRESSIVE;
				GCC_WARN_UNUSED_FUNCTION = YES;
				GCC_WARN_UNUSED_VARIABLE = YES;
				IPHONEOS_DEPLOYMENT_TARGET = 13.2;
				MTL_ENABLE_DEBUG_INFO = NO;
				MTL_FAST_MATH = YES;
				SDKROOT = iphoneos;
				SWIFT_COMPILATION_MODE = wholemodule;
				SWIFT_OPTIMIZATION_LEVEL = "-O";
				VALIDATE_PRODUCT = YES;
			};
			name = Release;
		};
		F5D8E13B23EB415900EEF942 /* Debug */ = {
			isa = XCBuildConfiguration;
			buildSettings = {
				ASSETCATALOG_COMPILER_APPICON_NAME = AppIcon;
				CODE_SIGN_STYLE = Automatic;
				DEVELOPMENT_ASSET_PATHS = "\"Simple Weather/Preview Content\"";
				DEVELOPMENT_TEAM = Y5ZX4G2745;
				ENABLE_PREVIEWS = YES;
				INFOPLIST_FILE = "Simple Weather/Info.plist";
				LD_RUNPATH_SEARCH_PATHS = (
					"$(inherited)",
					"@executable_path/Frameworks",
				);
				PRODUCT_BUNDLE_IDENTIFIER = "uk.robindouglas.Simple-Weather";
				PRODUCT_NAME = "$(TARGET_NAME)";
				SWIFT_VERSION = 5.0;
				TARGETED_DEVICE_FAMILY = "1,2";
			};
			name = Debug;
		};
		F5D8E13C23EB415900EEF942 /* Release */ = {
			isa = XCBuildConfiguration;
			buildSettings = {
				ASSETCATALOG_COMPILER_APPICON_NAME = AppIcon;
				CODE_SIGN_STYLE = Automatic;
				DEVELOPMENT_ASSET_PATHS = "\"Simple Weather/Preview Content\"";
				DEVELOPMENT_TEAM = Y5ZX4G2745;
				ENABLE_PREVIEWS = YES;
				INFOPLIST_FILE = "Simple Weather/Info.plist";
				LD_RUNPATH_SEARCH_PATHS = (
					"$(inherited)",
					"@executable_path/Frameworks",
				);
				PRODUCT_BUNDLE_IDENTIFIER = "uk.robindouglas.Simple-Weather";
				PRODUCT_NAME = "$(TARGET_NAME)";
				SWIFT_VERSION = 5.0;
				TARGETED_DEVICE_FAMILY = "1,2";
			};
			name = Release;
		};
/* End XCBuildConfiguration section */

/* Begin XCConfigurationList section */
		F5D8E12123EB415700EEF942 /* Build configuration list for PBXProject "Simple Weather" */ = {
			isa = XCConfigurationList;
			buildConfigurations = (
				F5D8E13823EB415900EEF942 /* Debug */,
				F5D8E13923EB415900EEF942 /* Release */,
			);
			defaultConfigurationIsVisible = 0;
			defaultConfigurationName = Release;
		};
		F5D8E13A23EB415900EEF942 /* Build configuration list for PBXNativeTarget "Simple Weather" */ = {
			isa = XCConfigurationList;
			buildConfigurations = (
				F5D8E13B23EB415900EEF942 /* Debug */,
				F5D8E13C23EB415900EEF942 /* Release */,
			);
			defaultConfigurationIsVisible = 0;
			defaultConfigurationName = Release;
		};
/* End XCConfigurationList section */
	};
	rootObject = F5D8E11E23EB415700EEF942 /* Project object */;
}
